{
  "name": "medicaid-adjustments",
  "version": "1.0.0",
  "lockfileVersion": 2,
  "requires": true,
  "packages": {
    "": {
      "name": "medicaid-adjustments",
      "version": "1.0.0",
      "license": "ISC",
      "dependencies": {
        "@dinero.js/currencies": "^2.0.0-alpha.9",
        "dinero.js": "^1.9.1"
      }
    },
    "node_modules/@dinero.js/currencies": {
      "version": "2.0.0-alpha.9",
      "resolved": "https://registry.npmjs.org/@dinero.js/currencies/-/currencies-2.0.0-alpha.9.tgz",
      "integrity": "sha512-TUI/feKxW7CUfpiyw0cpNh6KiyeiguyUONPp6cAs9zdzWS2V+ahk6qxCaSk9CaSu2UUP6SF9cpWgXmikJ3p7YQ=="
    },
    "node_modules/dinero.js": {
      "version": "1.9.1",
      "resolved": "https://registry.npmjs.org/dinero.js/-/dinero.js-1.9.1.tgz",
      "integrity": "sha512-1HXiF2vv3ZeRQ23yr+9lFxj/PbZqutuYWJnE0qfCB9xYBPnuaJ8lXtli1cJM0TvUXW1JTOaePldmqN5JVNxKSA==",
      "engines": {
        "node": "*"
      }
    }
  },
  "dependencies": {
    "@dinero.js/currencies": {
      "version": "2.0.0-alpha.9",
      "resolved": "https://registry.npmjs.org/@dinero.js/currencies/-/currencies-2.0.0-alpha.9.tgz",
      "integrity": "sha512-TUI/feKxW7CUfpiyw0cpNh6KiyeiguyUONPp6cAs9zdzWS2V+ahk6qxCaSk9CaSu2UUP6SF9cpWgXmikJ3p7YQ=="
    },
    "dinero.js": {
      "version": "1.9.1",
      "resolved": "https://registry.npmjs.org/dinero.js/-/dinero.js-1.9.1.tgz",
      "integrity": "sha512-1HXiF2vv3ZeRQ23yr+9lFxj/PbZqutuYWJnE0qfCB9xYBPnuaJ8lXtli1cJM0TvUXW1JTOaePldmqN5JVNxKSA=="
    }
  }
}
